{
  "requires": true,
  "lockfileVersion": 1,
  "dependencies": {
    "@ntgames/unirx": {
      "version": "5.5.0-preview.0",
      "resolved": "https://registry.npmjs.org/@ntgames/unirx/-/unirx-5.5.0-preview.0.tgz",
      "integrity": "sha512-B+tfv2ZDA11wDxEY4lz0m7gqMxlURzsRGmxSWjh3Wa2/fTSyvkdOAkMx6QTOg4cG93CJnVA7PwNf8QXh9MMMPw=="
    },
    "nunit": {
      "version": "0.2.1",
      "resolved": "https://registry.npmjs.org/nunit/-/nunit-0.2.1.tgz",
      "integrity": "sha1-mrmBTn4nB6NG4fEu4U+0bbZG/7Q="
    }
  }
}
